
Microsoft Visual Studio Solution File, Format Version 12.00
# Visual Studio Version 17
VisualStudioVersion = 17.1.32210.238
MinimumVisualStudioVersion = 10.0.40219.1
Project("{FAE04EC0-301F-11D3-BF4B-00C04F79EFBC}") = "UserRegistrationProblem", "UserRegistrationProblem\UserRegistrationProblem.csproj", "{60799E1F-54CE-42C6-9E7C-78299D9CA7AC}"
EndProject
Global
	GlobalSection(SolutionConfigurationPlatforms) = preSolution
		Debug|Any CPU = Debug|Any CPU
		Release|Any CPU = Release|Any CPU
	EndGlobalSection
	GlobalSection(ProjectConfigurationPlatforms) = postSolution
		{60799E1F-54CE-42C6-9E7C-78299D9CA7AC}.Debug|Any CPU.ActiveCfg = Debug|Any CPU
		{60799E1F-54CE-42C6-9E7C-78299D9CA7AC}.Debug|Any CPU.Build.0 = Debug|Any CPU
		{60799E1F-54CE-42C6-9E7C-78299D9CA7AC}.Release|Any CPU.ActiveCfg = Release|Any CPU
		{60799E1F-54CE-42C6-9E7C-78299D9CA7AC}.Release|Any CPU.Build.0 = Release|Any CPU
	EndGlobalSection
	GlobalSection(SolutionProperties) = preSolution
		HideSolutionNode = FALSE
	EndGlobalSection
	GlobalSection(ExtensibilityGlobals) = postSolution
		SolutionGuid = {0102A91B-D968-4238-B3FB-C5D5B9CBB8D7}
	EndGlobalSection
EndGlobal
